
Microsoft Visual Studio Solution File, Format Version 12.00
# Visual Studio 14
VisualStudioVersion = 14.0.25420.1
MinimumVisualStudioVersion = 10.0.40219.1
Project("{FAE04EC0-301F-11D3-BF4B-00C04F79EFBC}") = "WinDataBinding", "WinDataBinding\WinDataBinding.csproj", "{70BDDC96-1EF3-4441-8738-C55A0812C4AA}"
EndProject
Global
	GlobalSection(SolutionConfigurationPlatforms) = preSolution
		Debug|Any CPU = Debug|Any CPU
		Release|Any CPU = Release|Any CPU
	EndGlobalSection
	GlobalSection(ProjectConfigurationPlatforms) = postSolution
		{70BDDC96-1EF3-4441-8738-C55A0812C4AA}.Debug|Any CPU.ActiveCfg = Debug|Any CPU
		{70BDDC96-1EF3-4441-8738-C55A0812C4AA}.Debug|Any CPU.Build.0 = Debug|Any CPU
		{70BDDC96-1EF3-4441-8738-C55A0812C4AA}.Release|Any CPU.ActiveCfg = Release|Any CPU
		{70BDDC96-1EF3-4441-8738-C55A0812C4AA}.Release|Any CPU.Build.0 = Release|Any CPU
	EndGlobalSection
	GlobalSection(SolutionProperties) = preSolution
		HideSolutionNode = FALSE
	EndGlobalSection
EndGlobal
